// !$*UTF8*$!
{
	archiveVersion = 1;
	classes = {
	};
	objectVersion = 56;
	objects = {

/* Begin PBXBuildFile section */
		3A23E02E2AF23DB300CC706B /* RegistrationPasswordViewModel.swift in Sources */ = {isa = PBXBuildFile; fileRef = 3A23E02D2AF23DB300CC706B /* RegistrationPasswordViewModel.swift */; };
		3A23E0302AF23E0000CC706B /* RegistrationViewModel.swift in Sources */ = {isa = PBXBuildFile; fileRef = 3A23E02F2AF23E0000CC706B /* RegistrationViewModel.swift */; };
		3A23E0332AF240F500CC706B /* StorageManager.swift in Sources */ = {isa = PBXBuildFile; fileRef = 3A23E0322AF240F500CC706B /* StorageManager.swift */; };
		3A23E0362AF2421C00CC706B /* User.swift in Sources */ = {isa = PBXBuildFile; fileRef = 3A23E0352AF2421C00CC706B /* User.swift */; };
		3A23E03A2AF2C08D00CC706B /* MainTabBarView.swift in Sources */ = {isa = PBXBuildFile; fileRef = 3A23E0392AF2C08D00CC706B /* MainTabBarView.swift */; };
		3A23E0412AF2C2B400CC706B /* MainListView.swift in Sources */ = {isa = PBXBuildFile; fileRef = 3A23E0402AF2C2B400CC706B /* MainListView.swift */; };
		3A23E0432AF2C2D100CC706B /* WalletView.swift in Sources */ = {isa = PBXBuildFile; fileRef = 3A23E0422AF2C2D100CC706B /* WalletView.swift */; };
		3A23E0452AF2C31700CC706B /* AddView.swift in Sources */ = {isa = PBXBuildFile; fileRef = 3A23E0442AF2C31700CC706B /* AddView.swift */; };
		3A23E0472AF2C34500CC706B /* ChatsView.swift in Sources */ = {isa = PBXBuildFile; fileRef = 3A23E0462AF2C34500CC706B /* ChatsView.swift */; };
		3A23E0492AF2C35600CC706B /* ProfileView.swift in Sources */ = {isa = PBXBuildFile; fileRef = 3A23E0482AF2C35600CC706B /* ProfileView.swift */; };
		3A23E04B2AF2CADE00CC706B /* UIColorExtension.swift in Sources */ = {isa = PBXBuildFile; fileRef = 3A23E04A2AF2CADE00CC706B /* UIColorExtension.swift */; };
		3A2C85E02A9682D600AA088E /* RegistrationViewContoller.swift in Sources */ = {isa = PBXBuildFile; fileRef = 3A2C85DF2A9682D600AA088E /* RegistrationViewContoller.swift */; };
		3A906A932ACDDC3000D42244 /* RegistrationPasswordViewController.swift in Sources */ = {isa = PBXBuildFile; fileRef = 3A906A922ACDDC3000D42244 /* RegistrationPasswordViewController.swift */; };
		3ACC5B502A8A260E00817EAC /* FallingAlert.swift in Sources */ = {isa = PBXBuildFile; fileRef = 3ACC5B4F2A8A260E00817EAC /* FallingAlert.swift */; };
		3AD3A8492A796A6F0041EB19 /* AppDelegate.swift in Sources */ = {isa = PBXBuildFile; fileRef = 3AD3A8482A796A6F0041EB19 /* AppDelegate.swift */; };
		3AD3A84B2A796A6F0041EB19 /* SceneDelegate.swift in Sources */ = {isa = PBXBuildFile; fileRef = 3AD3A84A2A796A6F0041EB19 /* SceneDelegate.swift */; };
		3AD3A84D2A796A6F0041EB19 /* AuthorizationViewController.swift in Sources */ = {isa = PBXBuildFile; fileRef = 3AD3A84C2A796A6F0041EB19 /* AuthorizationViewController.swift */; };
		3AD3A8522A796A700041EB19 /* Assets.xcassets in Resources */ = {isa = PBXBuildFile; fileRef = 3AD3A8512A796A700041EB19 /* Assets.xcassets */; };
		3AD3A8552A796A700041EB19 /* LaunchScreen.storyboard in Resources */ = {isa = PBXBuildFile; fileRef = 3AD3A8532A796A700041EB19 /* LaunchScreen.storyboard */; };
		3AD3A85D2A796E5F0041EB19 /* AuthorizationViewModel.swift in Sources */ = {isa = PBXBuildFile; fileRef = 3AD3A85C2A796E5F0041EB19 /* AuthorizationViewModel.swift */; };
/* End PBXBuildFile section */

/* Begin PBXFileReference section */
		3A23E02D2AF23DB300CC706B /* RegistrationPasswordViewModel.swift */ = {isa = PBXFileReference; lastKnownFileType = sourcecode.swift; path = RegistrationPasswordViewModel.swift; sourceTree = "<group>"; };
		3A23E02F2AF23E0000CC706B /* RegistrationViewModel.swift */ = {isa = PBXFileReference; lastKnownFileType = sourcecode.swift; path = RegistrationViewModel.swift; sourceTree = "<group>"; };
		3A23E0322AF240F500CC706B /* StorageManager.swift */ = {isa = PBXFileReference; lastKnownFileType = sourcecode.swift; path = StorageManager.swift; sourceTree = "<group>"; };
		3A23E0352AF2421C00CC706B /* User.swift */ = {isa = PBXFileReference; lastKnownFileType = sourcecode.swift; path = User.swift; sourceTree = "<group>"; };
		3A23E0392AF2C08D00CC706B /* MainTabBarView.swift */ = {isa = PBXFileReference; lastKnownFileType = sourcecode.swift; path = MainTabBarView.swift; sourceTree = "<group>"; };
		3A23E0402AF2C2B400CC706B /* MainListView.swift */ = {isa = PBXFileReference; lastKnownFileType = sourcecode.swift; path = MainListView.swift; sourceTree = "<group>"; };
		3A23E0422AF2C2D100CC706B /* WalletView.swift */ = {isa = PBXFileReference; lastKnownFileType = sourcecode.swift; path = WalletView.swift; sourceTree = "<group>"; };
		3A23E0442AF2C31700CC706B /* AddView.swift */ = {isa = PBXFileReference; lastKnownFileType = sourcecode.swift; path = AddView.swift; sourceTree = "<group>"; };
		3A23E0462AF2C34500CC706B /* ChatsView.swift */ = {isa = PBXFileReference; lastKnownFileType = sourcecode.swift; path = ChatsView.swift; sourceTree = "<group>"; };
		3A23E0482AF2C35600CC706B /* ProfileView.swift */ = {isa = PBXFileReference; lastKnownFileType = sourcecode.swift; path = ProfileView.swift; sourceTree = "<group>"; };
		3A23E04A2AF2CADE00CC706B /* UIColorExtension.swift */ = {isa = PBXFileReference; lastKnownFileType = sourcecode.swift; path = UIColorExtension.swift; sourceTree = "<group>"; };
		3A2C85DF2A9682D600AA088E /* RegistrationViewContoller.swift */ = {isa = PBXFileReference; lastKnownFileType = sourcecode.swift; path = RegistrationViewContoller.swift; sourceTree = "<group>"; };
		3A906A922ACDDC3000D42244 /* RegistrationPasswordViewController.swift */ = {isa = PBXFileReference; lastKnownFileType = sourcecode.swift; path = RegistrationPasswordViewController.swift; sourceTree = "<group>"; };
		3ACC5B4F2A8A260E00817EAC /* FallingAlert.swift */ = {isa = PBXFileReference; lastKnownFileType = sourcecode.swift; path = FallingAlert.swift; sourceTree = "<group>"; };
		3AD3A8452A796A6F0041EB19 /* KamaMarketApp.app */ = {isa = PBXFileReference; explicitFileType = wrapper.application; includeInIndex = 0; path = KamaMarketApp.app; sourceTree = BUILT_PRODUCTS_DIR; };
		3AD3A8482A796A6F0041EB19 /* AppDelegate.swift */ = {isa = PBXFileReference; lastKnownFileType = sourcecode.swift; path = AppDelegate.swift; sourceTree = "<group>"; };
		3AD3A84A2A796A6F0041EB19 /* SceneDelegate.swift */ = {isa = PBXFileReference; lastKnownFileType = sourcecode.swift; path = SceneDelegate.swift; sourceTree = "<group>"; };
		3AD3A84C2A796A6F0041EB19 /* AuthorizationViewController.swift */ = {isa = PBXFileReference; lastKnownFileType = sourcecode.swift; path = AuthorizationViewController.swift; sourceTree = "<group>"; };
		3AD3A8512A796A700041EB19 /* Assets.xcassets */ = {isa = PBXFileReference; lastKnownFileType = folder.assetcatalog; path = Assets.xcassets; sourceTree = "<group>"; };
		3AD3A8542A796A700041EB19 /* Base */ = {isa = PBXFileReference; lastKnownFileType = file.storyboard; name = Base; path = Base.lproj/LaunchScreen.storyboard; sourceTree = "<group>"; };
		3AD3A8562A796A700041EB19 /* Info.plist */ = {isa = PBXFileReference; lastKnownFileType = text.plist.xml; path = Info.plist; sourceTree = "<group>"; };
		3AD3A85C2A796E5F0041EB19 /* AuthorizationViewModel.swift */ = {isa = PBXFileReference; lastKnownFileType = sourcecode.swift; path = AuthorizationViewModel.swift; sourceTree = "<group>"; };
/* End PBXFileReference section */

/* Begin PBXFrameworksBuildPhase section */
		3AD3A8422A796A6F0041EB19 /* Frameworks */ = {
			isa = PBXFrameworksBuildPhase;
			buildActionMask = 2147483647;
			files = (
			);
			runOnlyForDeploymentPostprocessing = 0;
		};
/* End PBXFrameworksBuildPhase section */

/* Begin PBXGroup section */
		3A23E02C2AF23D8100CC706B /* RegistrationPassword */ = {
			isa = PBXGroup;
			children = (
				3A906A922ACDDC3000D42244 /* RegistrationPasswordViewController.swift */,
				3A23E02D2AF23DB300CC706B /* RegistrationPasswordViewModel.swift */,
			);
			path = RegistrationPassword;
			sourceTree = "<group>";
		};
		3A23E0312AF240DA00CC706B /* Services */ = {
			isa = PBXGroup;
			children = (
				3A23E0322AF240F500CC706B /* StorageManager.swift */,
			);
			path = Services;
			sourceTree = "<group>";
		};
		3A23E0342AF2420600CC706B /* Model */ = {
			isa = PBXGroup;
			children = (
				3A23E0352AF2421C00CC706B /* User.swift */,
			);
			path = Model;
			sourceTree = "<group>";
		};
		3A23E0382AF2C02600CC706B /* MainTabBar */ = {
			isa = PBXGroup;
			children = (
				3A23E0392AF2C08D00CC706B /* MainTabBarView.swift */,
			);
			path = MainTabBar;
			sourceTree = "<group>";
		};
		3A23E03B2AF2C21D00CC706B /* MainList */ = {
			isa = PBXGroup;
			children = (
				3A23E0402AF2C2B400CC706B /* MainListView.swift */,
			);
			path = MainList;
			sourceTree = "<group>";
		};
		3A23E03C2AF2C23000CC706B /* Wallet */ = {
			isa = PBXGroup;
			children = (
				3A23E0422AF2C2D100CC706B /* WalletView.swift */,
			);
			path = Wallet;
			sourceTree = "<group>";
		};
		3A23E03D2AF2C23E00CC706B /* Add */ = {
			isa = PBXGroup;
			children = (
				3A23E0442AF2C31700CC706B /* AddView.swift */,
			);
			path = Add;
			sourceTree = "<group>";
		};
		3A23E03E2AF2C24E00CC706B /* Chats */ = {
			isa = PBXGroup;
			children = (
				3A23E0462AF2C34500CC706B /* ChatsView.swift */,
			);
			path = Chats;
			sourceTree = "<group>";
		};
		3A23E03F2AF2C25D00CC706B /* Profile */ = {
			isa = PBXGroup;
			children = (
				3A23E0482AF2C35600CC706B /* ProfileView.swift */,
			);
			path = Profile;
			sourceTree = "<group>";
		};
		3A2C85E12A9682DA00AA088E /* Registration */ = {
			isa = PBXGroup;
			children = (
				3A2C85DF2A9682D600AA088E /* RegistrationViewContoller.swift */,
				3A23E02F2AF23E0000CC706B /* RegistrationViewModel.swift */,
			);
			name = Registration;
			path = ..;
			sourceTree = "<group>";
		};
		3AD3A83C2A796A6F0041EB19 = {
			isa = PBXGroup;
			children = (
				3AD3A8472A796A6F0041EB19 /* KamaMarketApp */,
				3ACC5B4F2A8A260E00817EAC /* FallingAlert.swift */,
				3A23E04A2AF2CADE00CC706B /* UIColorExtension.swift */,
				3AD3A8462A796A6F0041EB19 /* Products */,
			);
			sourceTree = "<group>";
		};
		3AD3A8462A796A6F0041EB19 /* Products */ = {
			isa = PBXGroup;
			children = (
				3AD3A8452A796A6F0041EB19 /* KamaMarketApp.app */,
			);
			name = Products;
			sourceTree = "<group>";
		};
		3AD3A8472A796A6F0041EB19 /* KamaMarketApp */ = {
			isa = PBXGroup;
			children = (
				3AD3A85E2A796E740041EB19 /* Authorization */,
				3A2C85E12A9682DA00AA088E /* Registration */,
				3A23E02C2AF23D8100CC706B /* RegistrationPassword */,
				3A23E0382AF2C02600CC706B /* MainTabBar */,
				3A23E03B2AF2C21D00CC706B /* MainList */,
				3A23E03C2AF2C23000CC706B /* Wallet */,
				3A23E03D2AF2C23E00CC706B /* Add */,
				3A23E03E2AF2C24E00CC706B /* Chats */,
				3A23E03F2AF2C25D00CC706B /* Profile */,
				3A23E0312AF240DA00CC706B /* Services */,
				3A23E0342AF2420600CC706B /* Model */,
				3AD3A8602A796E9D0041EB19 /* Resources */,
				3AD3A85F2A796E8E0041EB19 /* StoryBoards */,
				3AD3A8612A796EC00041EB19 /* App */,
			);
			path = KamaMarketApp;
			sourceTree = "<group>";
		};
		3AD3A85E2A796E740041EB19 /* Authorization */ = {
			isa = PBXGroup;
			children = (
				3AD3A84C2A796A6F0041EB19 /* AuthorizationViewController.swift */,
				3AD3A85C2A796E5F0041EB19 /* AuthorizationViewModel.swift */,
			);
			path = Authorization;
			sourceTree = "<group>";
		};
		3AD3A85F2A796E8E0041EB19 /* StoryBoards */ = {
			isa = PBXGroup;
			children = (
				3AD3A8532A796A700041EB19 /* LaunchScreen.storyboard */,
			);
			path = StoryBoards;
			sourceTree = "<group>";
		};
		3AD3A8602A796E9D0041EB19 /* Resources */ = {
			isa = PBXGroup;
			children = (
				3AD3A8512A796A700041EB19 /* Assets.xcassets */,
			);
			path = Resources;
			sourceTree = "<group>";
		};
		3AD3A8612A796EC00041EB19 /* App */ = {
			isa = PBXGroup;
			children = (
				3AD3A8482A796A6F0041EB19 /* AppDelegate.swift */,
				3AD3A84A2A796A6F0041EB19 /* SceneDelegate.swift */,
				3AD3A8562A796A700041EB19 /* Info.plist */,
			);
			path = App;
			sourceTree = "<group>";
		};
/* End PBXGroup section */

/* Begin PBXNativeTarget section */
		3AD3A8442A796A6F0041EB19 /* KamaMarketApp */ = {
			isa = PBXNativeTarget;
			buildConfigurationList = 3AD3A8592A796A700041EB19 /* Build configuration list for PBXNativeTarget "KamaMarketApp" */;
			buildPhases = (
				3AD3A8412A796A6F0041EB19 /* Sources */,
				3AD3A8422A796A6F0041EB19 /* Frameworks */,
				3AD3A8432A796A6F0041EB19 /* Resources */,
			);
			buildRules = (
			);
			dependencies = (
			);
			name = KamaMarketApp;
			productName = KamaMarketApp;
			productReference = 3AD3A8452A796A6F0041EB19 /* KamaMarketApp.app */;
			productType = "com.apple.product-type.application";
		};
/* End PBXNativeTarget section */

/* Begin PBXProject section */
		3AD3A83D2A796A6F0041EB19 /* Project object */ = {
			isa = PBXProject;
			attributes = {
				BuildIndependentTargetsInParallel = 1;
				LastSwiftUpdateCheck = 1430;
				LastUpgradeCheck = 1430;
				TargetAttributes = {
					3AD3A8442A796A6F0041EB19 = {
						CreatedOnToolsVersion = 14.3.1;
					};
				};
			};
			buildConfigurationList = 3AD3A8402A796A6F0041EB19 /* Build configuration list for PBXProject "KamaMarketApp" */;
			compatibilityVersion = "Xcode 14.0";
			developmentRegion = en;
			hasScannedForEncodings = 0;
			knownRegions = (
				en,
				Base,
			);
			mainGroup = 3AD3A83C2A796A6F0041EB19;
			productRefGroup = 3AD3A8462A796A6F0041EB19 /* Products */;
			projectDirPath = "";
			projectRoot = "";
			targets = (
				3AD3A8442A796A6F0041EB19 /* KamaMarketApp */,
			);
		};
/* End PBXProject section */

/* Begin PBXResourcesBuildPhase section */
		3AD3A8432A796A6F0041EB19 /* Resources */ = {
			isa = PBXResourcesBuildPhase;
			buildActionMask = 2147483647;
			files = (
				3AD3A8552A796A700041EB19 /* LaunchScreen.storyboard in Resources */,
				3AD3A8522A796A700041EB19 /* Assets.xcassets in Resources */,
			);
			runOnlyForDeploymentPostprocessing = 0;
		};
/* End PBXResourcesBuildPhase section */

/* Begin PBXSourcesBuildPhase section */
		3AD3A8412A796A6F0041EB19 /* Sources */ = {
			isa = PBXSourcesBuildPhase;
			buildActionMask = 2147483647;
			files = (
				3A906A932ACDDC3000D42244 /* RegistrationPasswordViewController.swift in Sources */,
				3ACC5B502A8A260E00817EAC /* FallingAlert.swift in Sources */,
				3A23E0452AF2C31700CC706B /* AddView.swift in Sources */,
				3A23E0332AF240F500CC706B /* StorageManager.swift in Sources */,
				3A23E0432AF2C2D100CC706B /* WalletView.swift in Sources */,
				3A23E04B2AF2CADE00CC706B /* UIColorExtension.swift in Sources */,
				3AD3A85D2A796E5F0041EB19 /* AuthorizationViewModel.swift in Sources */,
				3AD3A84D2A796A6F0041EB19 /* AuthorizationViewController.swift in Sources */,
				3A23E02E2AF23DB300CC706B /* RegistrationPasswordViewModel.swift in Sources */,
				3A23E0472AF2C34500CC706B /* ChatsView.swift in Sources */,
				3A23E0492AF2C35600CC706B /* ProfileView.swift in Sources */,
				3A23E0302AF23E0000CC706B /* RegistrationViewModel.swift in Sources */,
				3AD3A8492A796A6F0041EB19 /* AppDelegate.swift in Sources */,
				3A23E0362AF2421C00CC706B /* User.swift in Sources */,
				3AD3A84B2A796A6F0041EB19 /* SceneDelegate.swift in Sources */,
				3A23E03A2AF2C08D00CC706B /* MainTabBarView.swift in Sources */,
				3A2C85E02A9682D600AA088E /* RegistrationViewContoller.swift in Sources */,
				3A23E0412AF2C2B400CC706B /* MainListView.swift in Sources */,
			);
			runOnlyForDeploymentPostprocessing = 0;
		};
/* End PBXSourcesBuildPhase section */

/* Begin PBXVariantGroup section */
		3AD3A8532A796A700041EB19 /* LaunchScreen.storyboard */ = {
			isa = PBXVariantGroup;
			children = (
				3AD3A8542A796A700041EB19 /* Base */,
			);
			name = LaunchScreen.storyboard;
			sourceTree = "<group>";
		};
/* End PBXVariantGroup section */

/* Begin XCBuildConfiguration section */
		3AD3A8572A796A700041EB19 /* Debug */ = {
			isa = XCBuildConfiguration;
			buildSettings = {
				ALWAYS_SEARCH_USER_PATHS = NO;
				CLANG_ANALYZER_NONNULL = YES;
				CLANG_ANALYZER_NUMBER_OBJECT_CONVERSION = YES_AGGRESSIVE;
				CLANG_CXX_LANGUAGE_STANDARD = "gnu++20";
				CLANG_ENABLE_MODULES = YES;
				CLANG_ENABLE_OBJC_ARC = YES;
				CLANG_ENABLE_OBJC_WEAK = YES;
				CLANG_WARN_BLOCK_CAPTURE_AUTORELEASING = YES;
				CLANG_WARN_BOOL_CONVERSION = YES;
				CLANG_WARN_COMMA = YES;
				CLANG_WARN_CONSTANT_CONVERSION = YES;
				CLANG_WARN_DEPRECATED_OBJC_IMPLEMENTATIONS = YES;
				CLANG_WARN_DIRECT_OBJC_ISA_USAGE = YES_ERROR;
				CLANG_WARN_DOCUMENTATION_COMMENTS = YES;
				CLANG_WARN_EMPTY_BODY = YES;
				CLANG_WARN_ENUM_CONVERSION = YES;
				CLANG_WARN_INFINITE_RECURSION = YES;
				CLANG_WARN_INT_CONVERSION = YES;
				CLANG_WARN_NON_LITERAL_NULL_CONVERSION = YES;
				CLANG_WARN_OBJC_IMPLICIT_RETAIN_SELF = YES;
				CLANG_WARN_OBJC_LITERAL_CONVERSION = YES;
				CLANG_WARN_OBJC_ROOT_CLASS = YES_ERROR;
				CLANG_WARN_QUOTED_INCLUDE_IN_FRAMEWORK_HEADER = YES;
				CLANG_WARN_RANGE_LOOP_ANALYSIS = YES;
				CLANG_WARN_STRICT_PROTOTYPES = YES;
				CLANG_WARN_SUSPICIOUS_MOVE = YES;
				CLANG_WARN_UNGUARDED_AVAILABILITY = YES_AGGRESSIVE;
				CLANG_WARN_UNREACHABLE_CODE = YES;
				CLANG_WARN__DUPLICATE_METHOD_MATCH = YES;
				COPY_PHASE_STRIP = NO;
				DEBUG_INFORMATION_FORMAT = dwarf;
				ENABLE_STRICT_OBJC_MSGSEND = YES;
				ENABLE_TESTABILITY = YES;
				GCC_C_LANGUAGE_STANDARD = gnu11;
				GCC_DYNAMIC_NO_PIC = NO;
				GCC_NO_COMMON_BLOCKS = YES;
				GCC_OPTIMIZATION_LEVEL = 0;
				GCC_PREPROCESSOR_DEFINITIONS = (
					"DEBUG=1",
					"$(inherited)",
				);
				GCC_WARN_64_TO_32_BIT_CONVERSION = YES;
				GCC_WARN_ABOUT_RETURN_TYPE = YES_ERROR;
				GCC_WARN_UNDECLARED_SELECTOR = YES;
				GCC_WARN_UNINITIALIZED_AUTOS = YES_AGGRESSIVE;
				GCC_WARN_UNUSED_FUNCTION = YES;
				GCC_WARN_UNUSED_VARIABLE = YES;
				IPHONEOS_DEPLOYMENT_TARGET = 16.4;
				MTL_ENABLE_DEBUG_INFO = INCLUDE_SOURCE;
				MTL_FAST_MATH = YES;
				ONLY_ACTIVE_ARCH = YES;
				SDKROOT = iphoneos;
				SWIFT_ACTIVE_COMPILATION_CONDITIONS = DEBUG;
				SWIFT_OPTIMIZATION_LEVEL = "-Onone";
			};
			name = Debug;
		};
		3AD3A8582A796A700041EB19 /* Release */ = {
			isa = XCBuildConfiguration;
			buildSettings = {
				ALWAYS_SEARCH_USER_PATHS = NO;
				CLANG_ANALYZER_NONNULL = YES;
				CLANG_ANALYZER_NUMBER_OBJECT_CONVERSION = YES_AGGRESSIVE;
				CLANG_CXX_LANGUAGE_STANDARD = "gnu++20";
				CLANG_ENABLE_MODULES = YES;
				CLANG_ENABLE_OBJC_ARC = YES;
				CLANG_ENABLE_OBJC_WEAK = YES;
				CLANG_WARN_BLOCK_CAPTURE_AUTORELEASING = YES;
				CLANG_WARN_BOOL_CONVERSION = YES;
				CLANG_WARN_COMMA = YES;
				CLANG_WARN_CONSTANT_CONVERSION = YES;
				CLANG_WARN_DEPRECATED_OBJC_IMPLEMENTATIONS = YES;
				CLANG_WARN_DIRECT_OBJC_ISA_USAGE = YES_ERROR;
				CLANG_WARN_DOCUMENTATION_COMMENTS = YES;
				CLANG_WARN_EMPTY_BODY = YES;
				CLANG_WARN_ENUM_CONVERSION = YES;
				CLANG_WARN_INFINITE_RECURSION = YES;
				CLANG_WARN_INT_CONVERSION = YES;
				CLANG_WARN_NON_LITERAL_NULL_CONVERSION = YES;
				CLANG_WARN_OBJC_IMPLICIT_RETAIN_SELF = YES;
				CLANG_WARN_OBJC_LITERAL_CONVERSION = YES;
				CLANG_WARN_OBJC_ROOT_CLASS = YES_ERROR;
				CLANG_WARN_QUOTED_INCLUDE_IN_FRAMEWORK_HEADER = YES;
				CLANG_WARN_RANGE_LOOP_ANALYSIS = YES;
				CLANG_WARN_STRICT_PROTOTYPES = YES;
				CLANG_WARN_SUSPICIOUS_MOVE = YES;
				CLANG_WARN_UNGUARDED_AVAILABILITY = YES_AGGRESSIVE;
				CLANG_WARN_UNREACHABLE_CODE = YES;
				CLANG_WARN__DUPLICATE_METHOD_MATCH = YES;
				COPY_PHASE_STRIP = NO;
				DEBUG_INFORMATION_FORMAT = "dwarf-with-dsym";
				ENABLE_NS_ASSERTIONS = NO;
				ENABLE_STRICT_OBJC_MSGSEND = YES;
				GCC_C_LANGUAGE_STANDARD = gnu11;
				GCC_NO_COMMON_BLOCKS = YES;
				GCC_WARN_64_TO_32_BIT_CONVERSION = YES;
				GCC_WARN_ABOUT_RETURN_TYPE = YES_ERROR;
				GCC_WARN_UNDECLARED_SELECTOR = YES;
				GCC_WARN_UNINITIALIZED_AUTOS = YES_AGGRESSIVE;
				GCC_WARN_UNUSED_FUNCTION = YES;
				GCC_WARN_UNUSED_VARIABLE = YES;
				IPHONEOS_DEPLOYMENT_TARGET = 16.4;
				MTL_ENABLE_DEBUG_INFO = NO;
				MTL_FAST_MATH = YES;
				SDKROOT = iphoneos;
				SWIFT_COMPILATION_MODE = wholemodule;
				SWIFT_OPTIMIZATION_LEVEL = "-O";
				VALIDATE_PRODUCT = YES;
			};
			name = Release;
		};
		3AD3A85A2A796A700041EB19 /* Debug */ = {
			isa = XCBuildConfiguration;
			buildSettings = {
				ASSETCATALOG_COMPILER_APPICON_NAME = AppIcon;
				ASSETCATALOG_COMPILER_GLOBAL_ACCENT_COLOR_NAME = AccentColor;
				CODE_SIGN_STYLE = Automatic;
				CURRENT_PROJECT_VERSION = 1;
				DEVELOPMENT_TEAM = 8HP4B7768D;
				GENERATE_INFOPLIST_FILE = YES;
				INFOPLIST_FILE = KamaMarketApp/App/Info.plist;
				INFOPLIST_KEY_UIApplicationSupportsIndirectInputEvents = YES;
				INFOPLIST_KEY_UILaunchStoryboardName = LaunchScreen;
				INFOPLIST_KEY_UISupportedInterfaceOrientations = UIInterfaceOrientationPortrait;
				INFOPLIST_KEY_UISupportedInterfaceOrientations_iPad = "UIInterfaceOrientationLandscapeLeft UIInterfaceOrientationLandscapeRight UIInterfaceOrientationPortrait UIInterfaceOrientationPortraitUpsideDown";
				LD_RUNPATH_SEARCH_PATHS = (
					"$(inherited)",
					"@executable_path/Frameworks",
				);
				MARKETING_VERSION = 1.0;
				PRODUCT_BUNDLE_IDENTIFIER = com.Kamalios.CounterApp.KamaMarketApp;
				PRODUCT_NAME = "$(TARGET_NAME)";
				SUPPORTED_PLATFORMS = "iphoneos iphonesimulator";
				SUPPORTS_MACCATALYST = NO;
				SUPPORTS_MAC_DESIGNED_FOR_IPHONE_IPAD = NO;
				SWIFT_EMIT_LOC_STRINGS = YES;
				SWIFT_VERSION = 5.0;
				TARGETED_DEVICE_FAMILY = 1;
			};
			name = Debug;
		};
		3AD3A85B2A796A700041EB19 /* Release */ = {
			isa = XCBuildConfiguration;
			buildSettings = {
				ASSETCATALOG_COMPILER_APPICON_NAME = AppIcon;
				ASSETCATALOG_COMPILER_GLOBAL_ACCENT_COLOR_NAME = AccentColor;
				CODE_SIGN_STYLE = Automatic;
				CURRENT_PROJECT_VERSION = 1;
				DEVELOPMENT_TEAM = 8HP4B7768D;
				GENERATE_INFOPLIST_FILE = YES;
				INFOPLIST_FILE = KamaMarketApp/App/Info.plist;
				INFOPLIST_KEY_UIApplicationSupportsIndirectInputEvents = YES;
				INFOPLIST_KEY_UILaunchStoryboardName = LaunchScreen;
				INFOPLIST_KEY_UISupportedInterfaceOrientations = UIInterfaceOrientationPortrait;
				INFOPLIST_KEY_UISupportedInterfaceOrientations_iPad = "UIInterfaceOrientationLandscapeLeft UIInterfaceOrientationLandscapeRight UIInterfaceOrientationPortrait UIInterfaceOrientationPortraitUpsideDown";
				LD_RUNPATH_SEARCH_PATHS = (
					"$(inherited)",
					"@executable_path/Frameworks",
				);
				MARKETING_VERSION = 1.0;
				PRODUCT_BUNDLE_IDENTIFIER = com.Kamalios.CounterApp.KamaMarketApp;
				PRODUCT_NAME = "$(TARGET_NAME)";
				SUPPORTED_PLATFORMS = "iphoneos iphonesimulator";
				SUPPORTS_MACCATALYST = NO;
				SUPPORTS_MAC_DESIGNED_FOR_IPHONE_IPAD = NO;
				SWIFT_EMIT_LOC_STRINGS = YES;
				SWIFT_VERSION = 5.0;
				TARGETED_DEVICE_FAMILY = 1;
			};
			name = Release;
		};
/* End XCBuildConfiguration section */

/* Begin XCConfigurationList section */
		3AD3A8402A796A6F0041EB19 /* Build configuration list for PBXProject "KamaMarketApp" */ = {
			isa = XCConfigurationList;
			buildConfigurations = (
				3AD3A8572A796A700041EB19 /* Debug */,
				3AD3A8582A796A700041EB19 /* Release */,
			);
			defaultConfigurationIsVisible = 0;
			defaultConfigurationName = Release;
		};
		3AD3A8592A796A700041EB19 /* Build configuration list for PBXNativeTarget "KamaMarketApp" */ = {
			isa = XCConfigurationList;
			buildConfigurations = (
				3AD3A85A2A796A700041EB19 /* Debug */,
				3AD3A85B2A796A700041EB19 /* Release */,
			);
			defaultConfigurationIsVisible = 0;
			defaultConfigurationName = Release;
		};
/* End XCConfigurationList section */
	};
	rootObject = 3AD3A83D2A796A6F0041EB19 /* Project object */;
}
